
Microsoft Visual Studio Solution File, Format Version 12.00
# Visual Studio Version 17
VisualStudioVersion = 17.13.35931.197 d17.13
MinimumVisualStudioVersion = 10.0.40219.1
Project("{FAE04EC0-301F-11D3-BF4B-00C04F79EFBC}") = "ultimateHotel", "ultimateHotel.csproj", "{BDF2AFB1-005B-4D36-AA4F-B80A442EB799}"
EndProject
Global
	GlobalSection(SolutionConfigurationPlatforms) = preSolution
		Debug|Any CPU = Debug|Any CPU
		Release|Any CPU = Release|Any CPU
	EndGlobalSection
	GlobalSection(ProjectConfigurationPlatforms) = postSolution
		{BDF2AFB1-005B-4D36-AA4F-B80A442EB799}.Debug|Any CPU.ActiveCfg = Debug|Any CPU
		{BDF2AFB1-005B-4D36-AA4F-B80A442EB799}.Debug|Any CPU.Build.0 = Debug|Any CPU
		{BDF2AFB1-005B-4D36-AA4F-B80A442EB799}.Release|Any CPU.ActiveCfg = Release|Any CPU
		{BDF2AFB1-005B-4D36-AA4F-B80A442EB799}.Release|Any CPU.Build.0 = Release|Any CPU
	EndGlobalSection
	GlobalSection(SolutionProperties) = preSolution
		HideSolutionNode = FALSE
	EndGlobalSection
	GlobalSection(ExtensibilityGlobals) = postSolution
		SolutionGuid = {89966D2C-6867-4EB2-BF62-B90EA655272B}
	EndGlobalSection
EndGlobal
